// !$*UTF8*$!
{
	archiveVersion = 1;
	classes = {
	};
	objectVersion = 46;
	objects = {

/* Begin PBXBuildFile section */
		82F86B301425A457006ACFEB /* Cocoa.framework in Frameworks */ = {isa = PBXBuildFile; fileRef = 82F86B2F1425A457006ACFEB /* Cocoa.framework */; };
		82F86B3A1425A458006ACFEB /* InfoPlist.strings in Resources */ = {isa = PBXBuildFile; fileRef = 82F86B381425A458006ACFEB /* InfoPlist.strings */; };
		82F86B3C1425A458006ACFEB /* main.m in Sources */ = {isa = PBXBuildFile; fileRef = 82F86B3B1425A458006ACFEB /* main.m */; };
		82F86B401425A458006ACFEB /* Credits.rtf in Resources */ = {isa = PBXBuildFile; fileRef = 82F86B3E1425A458006ACFEB /* Credits.rtf */; };
		82F86B431425A458006ACFEB /* PMMSAppDelegate.m in Sources */ = {isa = PBXBuildFile; fileRef = 82F86B421425A458006ACFEB /* PMMSAppDelegate.m */; };
		82F86B461425A458006ACFEB /* MainMenu.xib in Resources */ = {isa = PBXBuildFile; fileRef = 82F86B441425A458006ACFEB /* MainMenu.xib */; };
/* End PBXBuildFile section */

/* Begin PBXFileReference section */
		82F86B2B1425A457006ACFEB /* PMM Sucker.app */ = {isa = PBXFileReference; explicitFileType = wrapper.application; includeInIndex = 0; path = "PMM Sucker.app"; sourceTree = BUILT_PRODUCTS_DIR; };
		82F86B2F1425A457006ACFEB /* Cocoa.framework */ = {isa = PBXFileReference; lastKnownFileType = wrapper.framework; name = Cocoa.framework; path = System/Library/Frameworks/Cocoa.framework; sourceTree = SDKROOT; };
		82F86B321425A458006ACFEB /* AppKit.framework */ = {isa = PBXFileReference; lastKnownFileType = wrapper.framework; name = AppKit.framework; path = System/Library/Frameworks/AppKit.framework; sourceTree = SDKROOT; };
		82F86B331425A458006ACFEB /* CoreData.framework */ = {isa = PBXFileReference; lastKnownFileType = wrapper.framework; name = CoreData.framework; path = System/Library/Frameworks/CoreData.framework; sourceTree = SDKROOT; };
		82F86B341425A458006ACFEB /* Foundation.framework */ = {isa = PBXFileReference; lastKnownFileType = wrapper.framework; name = Foundation.framework; path = System/Library/Frameworks/Foundation.framework; sourceTree = SDKROOT; };
		82F86B371425A458006ACFEB /* PMM Sucker-Info.plist */ = {isa = PBXFileReference; path = "PMM Sucker-Info.plist"; sourceTree = "<group>"; };
		82F86B391425A458006ACFEB /* en */ = {isa = PBXFileReference; lastKnownFileType = text.plist.strings; name = en; path = en.lproj/InfoPlist.strings; sourceTree = "<group>"; };
		82F86B3B1425A458006ACFEB /* main.m */ = {isa = PBXFileReference; lastKnownFileType = sourcecode.c.objc; path = main.m; sourceTree = "<group>"; };
		82F86B3D1425A458006ACFEB /* PMM Sucker-Prefix.pch */ = {isa = PBXFileReference; path = "PMM Sucker-Prefix.pch"; sourceTree = "<group>"; };
		82F86B3F1425A458006ACFEB /* en */ = {isa = PBXFileReference; lastKnownFileType = text.rtf; name = en; path = en.lproj/Credits.rtf; sourceTree = "<group>"; };
		82F86B411425A458006ACFEB /* PMMSAppDelegate.h */ = {isa = PBXFileReference; path = PMMSAppDelegate.h; sourceTree = "<group>"; };
		82F86B421425A458006ACFEB /* PMMSAppDelegate.m */ = {isa = PBXFileReference; lastKnownFileType = sourcecode.c.objc; path = PMMSAppDelegate.m; sourceTree = "<group>"; };
		82F86B451425A458006ACFEB /* en */ = {isa = PBXFileReference; lastKnownFileType = file.xib; name = en; path = en.lproj/MainMenu.xib; sourceTree = "<group>"; };
/* End PBXFileReference section */

/* Begin PBXFrameworksBuildPhase section */
		82F86B281425A457006ACFEB /* Frameworks */ = {
			isa = PBXFrameworksBuildPhase;
			buildActionMask = 2147483647;
			files = (
				82F86B301425A457006ACFEB /* Cocoa.framework in Frameworks */,
			);
			runOnlyForDeploymentPostprocessing = 0;
		};
/* End PBXFrameworksBuildPhase section */

/* Begin PBXGroup section */
		82F86B201425A457006ACFEB = {
			isa = PBXGroup;
			children = (
				82F86B351425A458006ACFEB /* PMM Sucker */,
				82F86B2E1425A457006ACFEB /* Frameworks */,
				82F86B2C1425A457006ACFEB /* Products */,
			);
			sourceTree = "<group>";
		};
		82F86B2C1425A457006ACFEB /* Products */ = {
			isa = PBXGroup;
			children = (
				82F86B2B1425A457006ACFEB /* PMM Sucker.app */,
			);
			name = Products;
			sourceTree = "<group>";
		};
		82F86B2E1425A457006ACFEB /* Frameworks */ = {
			isa = PBXGroup;
			children = (
				82F86B2F1425A457006ACFEB /* Cocoa.framework */,
				82F86B311425A458006ACFEB /* Other Frameworks */,
			);
			name = Frameworks;
			sourceTree = "<group>";
		};
		82F86B311425A458006ACFEB /* Other Frameworks */ = {
			isa = PBXGroup;
			children = (
				82F86B321425A458006ACFEB /* AppKit.framework */,
				82F86B331425A458006ACFEB /* CoreData.framework */,
				82F86B341425A458006ACFEB /* Foundation.framework */,
			);
			name = "Other Frameworks";
			sourceTree = "<group>";
		};
		82F86B351425A458006ACFEB /* PMM Sucker */ = {
			isa = PBXGroup;
			children = (
				82F86B411425A458006ACFEB /* PMMSAppDelegate.h */,
				82F86B421425A458006ACFEB /* PMMSAppDelegate.m */,
				82F86B441425A458006ACFEB /* MainMenu.xib */,
				82F86B361425A458006ACFEB /* Supporting Files */,
			);
			path = "PMM Sucker";
			sourceTree = "<group>";
		};
		82F86B361425A458006ACFEB /* Supporting Files */ = {
			isa = PBXGroup;
			children = (
				82F86B371425A458006ACFEB /* PMM Sucker-Info.plist */,
				82F86B381425A458006ACFEB /* InfoPlist.strings */,
				82F86B3B1425A458006ACFEB /* main.m */,
				82F86B3D1425A458006ACFEB /* PMM Sucker-Prefix.pch */,
				82F86B3E1425A458006ACFEB /* Credits.rtf */,
			);
			name = "Supporting Files";
			sourceTree = "<group>";
		};
/* End PBXGroup section */

/* Begin PBXNativeTarget section */
		82F86B2A1425A457006ACFEB /* PMM Sucker */ = {
			isa = PBXNativeTarget;
			buildConfigurationList = 82F86B491425A458006ACFEB /* Build configuration list for PBXNativeTarget "PMM Sucker" */;
			buildPhases = (
				82F86B271425A457006ACFEB /* Sources */,
				82F86B281425A457006ACFEB /* Frameworks */,
				82F86B291425A457006ACFEB /* Resources */,
			);
			buildRules = (
			);
			dependencies = (
			);
			name = "PMM Sucker";
			productName = "PMM Sucker";
			productReference = 82F86B2B1425A457006ACFEB /* PMM Sucker.app */;
			productType = "com.apple.product-type.application";
		};
/* End PBXNativeTarget section */

/* Begin PBXProject section */
		82F86B221425A457006ACFEB /* Project object */ = {
			isa = PBXProject;
			attributes = {
				LastUpgradeCheck = 0420;
			};
			buildConfigurationList = 82F86B251425A457006ACFEB /* Build configuration list for PBXProject "PMM Sucker" */;
			compatibilityVersion = "Xcode 3.2";
			developmentRegion = English;
			hasScannedForEncodings = 0;
			knownRegions = (
				en,
			);
			mainGroup = 82F86B201425A457006ACFEB;
			productRefGroup = 82F86B2C1425A457006ACFEB /* Products */;
			projectDirPath = "";
			projectRoot = "";
			targets = (
				82F86B2A1425A457006ACFEB /* PMM Sucker */,
			);
		};
/* End PBXProject section */

/* Begin PBXResourcesBuildPhase section */
		82F86B291425A457006ACFEB /* Resources */ = {
			isa = PBXResourcesBuildPhase;
			buildActionMask = 2147483647;
			files = (
				82F86B3A1425A458006ACFEB /* InfoPlist.strings in Resources */,
				82F86B401425A458006ACFEB /* Credits.rtf in Resources */,
				82F86B461425A458006ACFEB /* MainMenu.xib in Resources */,
			);
			runOnlyForDeploymentPostprocessing = 0;
		};
/* End PBXResourcesBuildPhase section */

/* Begin PBXSourcesBuildPhase section */
		82F86B271425A457006ACFEB /* Sources */ = {
			isa = PBXSourcesBuildPhase;
			buildActionMask = 2147483647;
			files = (
				82F86B3C1425A458006ACFEB /* main.m in Sources */,
				82F86B431425A458006ACFEB /* PMMSAppDelegate.m in Sources */,
			);
			runOnlyForDeploymentPostprocessing = 0;
		};
/* End PBXSourcesBuildPhase section */

/* Begin PBXVariantGroup section */
		82F86B381425A458006ACFEB /* InfoPlist.strings */ = {
			isa = PBXVariantGroup;
			children = (
				82F86B391425A458006ACFEB /* en */,
			);
			name = InfoPlist.strings;
			sourceTree = "<group>";
		};
		82F86B3E1425A458006ACFEB /* Credits.rtf */ = {
			isa = PBXVariantGroup;
			children = (
				82F86B3F1425A458006ACFEB /* en */,
			);
			name = Credits.rtf;
			sourceTree = "<group>";
		};
		82F86B441425A458006ACFEB /* MainMenu.xib */ = {
			isa = PBXVariantGroup;
			children = (
				82F86B451425A458006ACFEB /* en */,
			);
			name = MainMenu.xib;
			sourceTree = "<group>";
		};
/* End PBXVariantGroup section */

/* Begin XCBuildConfiguration section */
		82F86B471425A458006ACFEB /* Debug */ = {
			isa = XCBuildConfiguration;
			buildSettings = {
				ALWAYS_SEARCH_USER_PATHS = NO;
				ARCHS = "$(ARCHS_STANDARD_64_BIT)";
				CLANG_ENABLE_OBJC_ARC = YES;
				COPY_PHASE_STRIP = NO;
				GCC_C_LANGUAGE_STANDARD = gnu99;
				GCC_DYNAMIC_NO_PIC = NO;
				GCC_ENABLE_OBJC_EXCEPTIONS = YES;
				GCC_OPTIMIZATION_LEVEL = 0;
				GCC_PREPROCESSOR_DEFINITIONS = (
					"DEBUG=1",
					"$(inherited)",
				);
				GCC_SYMBOLS_PRIVATE_EXTERN = NO;
				GCC_VERSION = com.apple.compilers.llvm.clang.1_0;
				GCC_WARN_64_TO_32_BIT_CONVERSION = YES;
				GCC_WARN_ABOUT_MISSING_PROTOTYPES = YES;
				GCC_WARN_ABOUT_RETURN_TYPE = YES;
				GCC_WARN_UNUSED_VARIABLE = YES;
				MACOSX_DEPLOYMENT_TARGET = 10.7;
				ONLY_ACTIVE_ARCH = YES;
				SDKROOT = macosx;
			};
			name = Debug;
		};
		82F86B481425A458006ACFEB /* Release */ = {
			isa = XCBuildConfiguration;
			buildSettings = {
				ALWAYS_SEARCH_USER_PATHS = NO;
				ARCHS = "$(ARCHS_STANDARD_64_BIT)";
				CLANG_ENABLE_OBJC_ARC = YES;
				COPY_PHASE_STRIP = YES;
				DEBUG_INFORMATION_FORMAT = "dwarf-with-dsym";
				GCC_C_LANGUAGE_STANDARD = gnu99;
				GCC_ENABLE_OBJC_EXCEPTIONS = YES;
				GCC_VERSION = com.apple.compilers.llvm.clang.1_0;
				GCC_WARN_64_TO_32_BIT_CONVERSION = YES;
				GCC_WARN_ABOUT_MISSING_PROTOTYPES = YES;
				GCC_WARN_ABOUT_RETURN_TYPE = YES;
				GCC_WARN_UNUSED_VARIABLE = YES;
				MACOSX_DEPLOYMENT_TARGET = 10.7;
				SDKROOT = macosx;
			};
			name = Release;
		};
		82F86B4A1425A458006ACFEB /* Debug */ = {
			isa = XCBuildConfiguration;
			buildSettings = {
				GCC_PRECOMPILE_PREFIX_HEADER = YES;
				GCC_PREFIX_HEADER = "PMM Sucker/PMM Sucker-Prefix.pch";
				INFOPLIST_FILE = "PMM Sucker/PMM Sucker-Info.plist";
				PRODUCT_NAME = "$(TARGET_NAME)";
				WRAPPER_EXTENSION = app;
			};
			name = Debug;
		};
		82F86B4B1425A458006ACFEB /* Release */ = {
			isa = XCBuildConfiguration;
			buildSettings = {
				GCC_PRECOMPILE_PREFIX_HEADER = YES;
				GCC_PREFIX_HEADER = "PMM Sucker/PMM Sucker-Prefix.pch";
				INFOPLIST_FILE = "PMM Sucker/PMM Sucker-Info.plist";
				PRODUCT_NAME = "$(TARGET_NAME)";
				WRAPPER_EXTENSION = app;
			};
			name = Release;
		};
/* End XCBuildConfiguration section */

/* Begin XCConfigurationList section */
		82F86B251425A457006ACFEB /* Build configuration list for PBXProject "PMM Sucker" */ = {
			isa = XCConfigurationList;
			buildConfigurations = (
				82F86B471425A458006ACFEB /* Debug */,
				82F86B481425A458006ACFEB /* Release */,
			);
			defaultConfigurationIsVisible = 0;
			defaultConfigurationName = Release;
		};
		82F86B491425A458006ACFEB /* Build configuration list for PBXNativeTarget "PMM Sucker" */ = {
			isa = XCConfigurationList;
			buildConfigurations = (
				82F86B4A1425A458006ACFEB /* Debug */,
				82F86B4B1425A458006ACFEB /* Release */,
			);
			defaultConfigurationIsVisible = 0;
		};
/* End XCConfigurationList section */
	};
	rootObject = 82F86B221425A457006ACFEB /* Project object */;
}
