// !$*UTF8*$!
{
	archiveVersion = 1;
	classes = {
	};
	objectVersion = 46;
	objects = {

/* Begin PBXBuildFile section */
		821675BC14283DA800F8FF70 /* CoreFoundation.framework in Frameworks */ = {isa = PBXBuildFile; fileRef = 821675BB14283DA800F8FF70 /* CoreFoundation.framework */; };
		821675BF14283DDE00F8FF70 /* Security.framework in Frameworks */ = {isa = PBXBuildFile; fileRef = 821675BE14283DDE00F8FF70 /* Security.framework */; };
		8217B24514B5DD9A00E45AA0 /* QuotaDB.cpp in Sources */ = {isa = PBXBuildFile; fileRef = 8217B24414B5DD9A00E45AA0 /* QuotaDB.cpp */; };
		8217B24614B5E01100E45AA0 /* QuotaDB.cpp in Sources */ = {isa = PBXBuildFile; fileRef = 8217B24414B5DD9A00E45AA0 /* QuotaDB.cpp */; };
		821BBCE61445EB680023DF32 /* MTLogger.cpp in Sources */ = {isa = PBXBuildFile; fileRef = 821BBCE51445EB680023DF32 /* MTLogger.cpp */; };
		821BBCE71445EB820023DF32 /* MTLogger.cpp in Sources */ = {isa = PBXBuildFile; fileRef = 821BBCE51445EB680023DF32 /* MTLogger.cpp */; };
		8238F497142AFA3E007F76C0 /* JSONParseException.cpp in Sources */ = {isa = PBXBuildFile; fileRef = 8238F496142AFA3E007F76C0 /* JSONParseException.cpp */; };
		8238F498142AFAD9007F76C0 /* JSONParseException.cpp in Sources */ = {isa = PBXBuildFile; fileRef = 8238F496142AFA3E007F76C0 /* JSONParseException.cpp */; };
		823BD0481444AECD001ED14E /* libcrypto.a in Frameworks */ = {isa = PBXBuildFile; fileRef = 823BD0461444AECD001ED14E /* libcrypto.a */; };
		823BD0491444AECD001ED14E /* libssl.a in Frameworks */ = {isa = PBXBuildFile; fileRef = 823BD0471444AECD001ED14E /* libssl.a */; };
		82571EAD1442B0700047347E /* libsqlite3.dylib in Frameworks */ = {isa = PBXBuildFile; fileRef = 82571EA914413E0F0047347E /* libsqlite3.dylib */; };
		82571EAF1442B1730047347E /* FetchedMailsCache.cpp in Sources */ = {isa = PBXBuildFile; fileRef = 82571EAE1442B1730047347E /* FetchedMailsCache.cpp */; };
		82571EB01442B9080047347E /* FetchedMailsCache.cpp in Sources */ = {isa = PBXBuildFile; fileRef = 82571EAE1442B1730047347E /* FetchedMailsCache.cpp */; };
		82571EB2144363D20047347E /* libetpan.framework in Frameworks */ = {isa = PBXBuildFile; fileRef = 82ED5B391438613400444844 /* libetpan.framework */; };
		8270849B142AE34F00D05386 /* ServerResponse.cpp in Sources */ = {isa = PBXBuildFile; fileRef = 8270849A142AE34F00D05386 /* ServerResponse.cpp */; };
		8270849C142AE37100D05386 /* ServerResponse.cpp in Sources */ = {isa = PBXBuildFile; fileRef = 8270849A142AE34F00D05386 /* ServerResponse.cpp */; };
		82805982145FB18200E7B614 /* DataTypes.cpp in Sources */ = {isa = PBXBuildFile; fileRef = 82805981145FB18100E7B614 /* DataTypes.cpp */; };
		82805983145FB1B400E7B614 /* DataTypes.cpp in Sources */ = {isa = PBXBuildFile; fileRef = 82805981145FB18100E7B614 /* DataTypes.cpp */; };
		828697CC150FF37D003E7675 /* libiconv.dylib in Frameworks */ = {isa = PBXBuildFile; fileRef = 828697CB150FF37D003E7675 /* libiconv.dylib */; };
		8290FB96142F47D30080BB85 /* MailAccountInfo.cpp in Sources */ = {isa = PBXBuildFile; fileRef = 8290FB95142F47D30080BB85 /* MailAccountInfo.cpp */; };
		8290FB99142F508B0080BB85 /* Mutex.cpp in Sources */ = {isa = PBXBuildFile; fileRef = 8290FB98142F508B0080BB85 /* Mutex.cpp */; };
		8290FB9A142F51930080BB85 /* MailAccountInfo.cpp in Sources */ = {isa = PBXBuildFile; fileRef = 8290FB95142F47D30080BB85 /* MailAccountInfo.cpp */; };
		8290FB9B142F51940080BB85 /* Mutex.cpp in Sources */ = {isa = PBXBuildFile; fileRef = 8290FB98142F508B0080BB85 /* Mutex.cpp */; };
		8293E231142CCD0000F62897 /* jsonxx.cc in Sources */ = {isa = PBXBuildFile; fileRef = 8293E22F142CCD0000F62897 /* jsonxx.cc */; };
		8293E232142CCD1100F62897 /* jsonxx.cc in Sources */ = {isa = PBXBuildFile; fileRef = 8293E22F142CCD0000F62897 /* jsonxx.cc */; };
		82AA9FCA1426AB4500E3FB3C /* PMMSuckerSession.cpp in Sources */ = {isa = PBXBuildFile; fileRef = 82F86B631425B618006ACFEB /* PMMSuckerSession.cpp */; };
		82AA9FCD1426B22000E3FB3C /* libcurl.dylib in Frameworks */ = {isa = PBXBuildFile; fileRef = 82AA9FCC1426B22000E3FB3C /* libcurl.dylib */; };
		82B081DC153AD30200F78A4D /* APNSFeedbackThread.cpp in Sources */ = {isa = PBXBuildFile; fileRef = 82B081DB153AD30200F78A4D /* APNSFeedbackThread.cpp */; };
		82B081DD153AD33100F78A4D /* APNSFeedbackThread.cpp in Sources */ = {isa = PBXBuildFile; fileRef = 82B081DB153AD30200F78A4D /* APNSFeedbackThread.cpp */; };
		82B6109414F2A2FC00975C32 /* UserPreferences.cpp in Sources */ = {isa = PBXBuildFile; fileRef = 82B6109314F2A2FC00975C32 /* UserPreferences.cpp */; };
		82B6109514F2A32100975C32 /* UserPreferences.cpp in Sources */ = {isa = PBXBuildFile; fileRef = 82B6109314F2A2FC00975C32 /* UserPreferences.cpp */; };
		82BD8EBD148BBB4B008DDEA1 /* SilentMode.cpp in Sources */ = {isa = PBXBuildFile; fileRef = 82BD8EBC148BBB4B008DDEA1 /* SilentMode.cpp */; };
		82BD8EBE148BBB87008DDEA1 /* SilentMode.cpp in Sources */ = {isa = PBXBuildFile; fileRef = 82BD8EBC148BBB4B008DDEA1 /* SilentMode.cpp */; };
		82ED5B0B14317FD000444844 /* GenericThread.cpp in Sources */ = {isa = PBXBuildFile; fileRef = 82ED5B0A14317FD000444844 /* GenericThread.cpp */; };
		82ED5B0C143184C800444844 /* GenericThread.cpp in Sources */ = {isa = PBXBuildFile; fileRef = 82ED5B0A14317FD000444844 /* GenericThread.cpp */; };
		82ED5B0F143187EB00444844 /* ThreadDispatcher.cpp in Sources */ = {isa = PBXBuildFile; fileRef = 82ED5B0E143187EB00444844 /* ThreadDispatcher.cpp */; };
		82ED5B101431880800444844 /* ThreadDispatcher.cpp in Sources */ = {isa = PBXBuildFile; fileRef = 82ED5B0E143187EB00444844 /* ThreadDispatcher.cpp */; };
		82ED5B121431882700444844 /* APNSNotificationThread.cpp in Sources */ = {isa = PBXBuildFile; fileRef = 82ED5B111431882700444844 /* APNSNotificationThread.cpp */; };
		82ED5B131431884300444844 /* APNSNotificationThread.cpp in Sources */ = {isa = PBXBuildFile; fileRef = 82ED5B111431882700444844 /* APNSNotificationThread.cpp */; };
		82ED5B181435123100444844 /* SharedQueue.cpp in Sources */ = {isa = PBXBuildFile; fileRef = 82ED5B171435123100444844 /* SharedQueue.cpp */; };
		82ED5B191435125900444844 /* SharedQueue.cpp in Sources */ = {isa = PBXBuildFile; fileRef = 82ED5B171435123100444844 /* SharedQueue.cpp */; };
		82ED5B1C1435380A00444844 /* NotificationPayload.cpp in Sources */ = {isa = PBXBuildFile; fileRef = 82ED5B1B1435380A00444844 /* NotificationPayload.cpp */; };
		82ED5B1D1435384800444844 /* NotificationPayload.cpp in Sources */ = {isa = PBXBuildFile; fileRef = 82ED5B1B1435380A00444844 /* NotificationPayload.cpp */; };
		82ED5B201435419F00444844 /* UtilityFunctions.cpp in Sources */ = {isa = PBXBuildFile; fileRef = 82ED5B1F1435419F00444844 /* UtilityFunctions.cpp */; };
		82ED5B21143541EA00444844 /* UtilityFunctions.cpp in Sources */ = {isa = PBXBuildFile; fileRef = 82ED5B1F1435419F00444844 /* UtilityFunctions.cpp */; };
		82ED5B28143622DA00444844 /* GenericException.cpp in Sources */ = {isa = PBXBuildFile; fileRef = 82ED5B27143622DA00444844 /* GenericException.cpp */; };
		82ED5B291436235F00444844 /* GenericException.cpp in Sources */ = {isa = PBXBuildFile; fileRef = 82ED5B27143622DA00444844 /* GenericException.cpp */; };
		82ED5B2C1437ECDB00444844 /* MailSuckerThread.cpp in Sources */ = {isa = PBXBuildFile; fileRef = 82ED5B2B1437ECDA00444844 /* MailSuckerThread.cpp */; };
		82ED5B2D1437ED0200444844 /* MailSuckerThread.cpp in Sources */ = {isa = PBXBuildFile; fileRef = 82ED5B2B1437ECDA00444844 /* MailSuckerThread.cpp */; };
		82ED5B301437F01A00444844 /* IMAPSuckerThread.cpp in Sources */ = {isa = PBXBuildFile; fileRef = 82ED5B2F1437F01A00444844 /* IMAPSuckerThread.cpp */; };
		82ED5B3214380B3300444844 /* IMAPSuckerThread.cpp in Sources */ = {isa = PBXBuildFile; fileRef = 82ED5B2F1437F01A00444844 /* IMAPSuckerThread.cpp */; };
		82F857AB1448A825000B43B8 /* MailMessage.cpp in Sources */ = {isa = PBXBuildFile; fileRef = 82F857AA1448A825000B43B8 /* MailMessage.cpp */; };
		82F857AC1448A845000B43B8 /* MailMessage.cpp in Sources */ = {isa = PBXBuildFile; fileRef = 82F857AA1448A825000B43B8 /* MailMessage.cpp */; };
		82F857C2144D4DA5000B43B8 /* MessageUploaderThread.cpp in Sources */ = {isa = PBXBuildFile; fileRef = 82F857C1144D4DA5000B43B8 /* MessageUploaderThread.cpp */; };
		82F857C3144D4DC1000B43B8 /* MessageUploaderThread.cpp in Sources */ = {isa = PBXBuildFile; fileRef = 82F857C1144D4DA5000B43B8 /* MessageUploaderThread.cpp */; };
		82F86B301425A457006ACFEB /* Cocoa.framework in Frameworks */ = {isa = PBXBuildFile; fileRef = 82F86B2F1425A457006ACFEB /* Cocoa.framework */; };
		82F86B3A1425A458006ACFEB /* InfoPlist.strings in Resources */ = {isa = PBXBuildFile; fileRef = 82F86B381425A458006ACFEB /* InfoPlist.strings */; };
		82F86B3C1425A458006ACFEB /* main.m in Sources */ = {isa = PBXBuildFile; fileRef = 82F86B3B1425A458006ACFEB /* main.m */; };
		82F86B401425A458006ACFEB /* Credits.rtf in Resources */ = {isa = PBXBuildFile; fileRef = 82F86B3E1425A458006ACFEB /* Credits.rtf */; };
		82F86B431425A458006ACFEB /* PMMSAppDelegate.m in Sources */ = {isa = PBXBuildFile; fileRef = 82F86B421425A458006ACFEB /* PMMSAppDelegate.m */; };
		82F86B461425A458006ACFEB /* MainMenu.xib in Resources */ = {isa = PBXBuildFile; fileRef = 82F86B441425A458006ACFEB /* MainMenu.xib */; };
		82F86B4D1425A54F006ACFEB /* PushMeMailIcon.png in Resources */ = {isa = PBXBuildFile; fileRef = 82F86B4C1425A54F006ACFEB /* PushMeMailIcon.png */; };
		82F86B501425A634006ACFEB /* libetpan.framework in Frameworks */ = {isa = PBXBuildFile; fileRef = 82F86B4F1425A634006ACFEB /* libetpan.framework */; };
		82F86B591425A810006ACFEB /* main.cpp in Sources */ = {isa = PBXBuildFile; fileRef = 82F86B581425A810006ACFEB /* main.cpp */; };
		82F86B5B1425A810006ACFEB /* pmmsuckerd.1 in CopyFiles */ = {isa = PBXBuildFile; fileRef = 82F86B5A1425A810006ACFEB /* pmmsuckerd.1 */; };
		82F86B601425B0AD006ACFEB /* README in Resources */ = {isa = PBXBuildFile; fileRef = 82F86B5F1425B0AD006ACFEB /* README */; };
		82F86B641425B618006ACFEB /* PMMSuckerSession.cpp in Sources */ = {isa = PBXBuildFile; fileRef = 82F86B631425B618006ACFEB /* PMMSuckerSession.cpp */; };
		82FA4DB21469C7B300A21B11 /* POP3SuckerThread.cpp in Sources */ = {isa = PBXBuildFile; fileRef = 82FA4DB11469C7B300A21B11 /* POP3SuckerThread.cpp */; };
		82FA4DB31469C80B00A21B11 /* POP3SuckerThread.cpp in Sources */ = {isa = PBXBuildFile; fileRef = 82FA4DB11469C7B300A21B11 /* POP3SuckerThread.cpp */; };
/* End PBXBuildFile section */

/* Begin PBXCopyFilesBuildPhase section */
		82F86B531425A810006ACFEB /* CopyFiles */ = {
			isa = PBXCopyFilesBuildPhase;
			buildActionMask = 2147483647;
			dstPath = /usr/share/man/man1/;
			dstSubfolderSpec = 0;
			files = (
				82F86B5B1425A810006ACFEB /* pmmsuckerd.1 in CopyFiles */,
			);
			runOnlyForDeploymentPostprocessing = 1;
		};
/* End PBXCopyFilesBuildPhase section */

/* Begin PBXFileReference section */
		821675BB14283DA800F8FF70 /* CoreFoundation.framework */ = {isa = PBXFileReference; lastKnownFileType = wrapper.framework; name = CoreFoundation.framework; path = System/Library/Frameworks/CoreFoundation.framework; sourceTree = SDKROOT; };
		821675BE14283DDE00F8FF70 /* Security.framework */ = {isa = PBXFileReference; lastKnownFileType = wrapper.framework; name = Security.framework; path = System/Library/Frameworks/Security.framework; sourceTree = SDKROOT; };
		8217B24214B5DCEA00E45AA0 /* QuotaDB.h */ = {isa = PBXFileReference; fileEncoding = 4; lastKnownFileType = sourcecode.c.h; path = QuotaDB.h; sourceTree = "<group>"; };
		8217B24414B5DD9A00E45AA0 /* QuotaDB.cpp */ = {isa = PBXFileReference; fileEncoding = 4; lastKnownFileType = sourcecode.cpp.cpp; path = QuotaDB.cpp; sourceTree = "<group>"; };
		821BBCE31445EB270023DF32 /* MTLogger.h */ = {isa = PBXFileReference; fileEncoding = 4; lastKnownFileType = sourcecode.c.h; path = MTLogger.h; sourceTree = "<group>"; };
		821BBCE51445EB680023DF32 /* MTLogger.cpp */ = {isa = PBXFileReference; fileEncoding = 4; lastKnownFileType = sourcecode.cpp.cpp; path = MTLogger.cpp; sourceTree = "<group>"; };
		8238F494142AF767007F76C0 /* JSONParseException.h */ = {isa = PBXFileReference; fileEncoding = 4; lastKnownFileType = sourcecode.c.h; path = JSONParseException.h; sourceTree = "<group>"; };
		8238F496142AFA3E007F76C0 /* JSONParseException.cpp */ = {isa = PBXFileReference; fileEncoding = 4; lastKnownFileType = sourcecode.cpp.cpp; path = JSONParseException.cpp; sourceTree = "<group>"; };
		823BD0461444AECD001ED14E /* libcrypto.a */ = {isa = PBXFileReference; lastKnownFileType = archive.ar; name = libcrypto.a; path = "../../cxxLibraries/openssl-mac/libcrypto.a"; sourceTree = "<group>"; };
		823BD0471444AECD001ED14E /* libssl.a */ = {isa = PBXFileReference; lastKnownFileType = archive.ar; name = libssl.a; path = "../../cxxLibraries/openssl-mac/libssl.a"; sourceTree = "<group>"; };
		82571EA914413E0F0047347E /* libsqlite3.dylib */ = {isa = PBXFileReference; lastKnownFileType = "compiled.mach-o.dylib"; name = libsqlite3.dylib; path = usr/lib/libsqlite3.dylib; sourceTree = SDKROOT; };
		82571EAC1442AC220047347E /* FetchedMailsCache.h */ = {isa = PBXFileReference; fileEncoding = 4; lastKnownFileType = sourcecode.c.h; path = FetchedMailsCache.h; sourceTree = "<group>"; };
		82571EAE1442B1730047347E /* FetchedMailsCache.cpp */ = {isa = PBXFileReference; fileEncoding = 4; lastKnownFileType = sourcecode.cpp.cpp; path = FetchedMailsCache.cpp; sourceTree = "<group>"; };
		82708498142AE23900D05386 /* ServerResponse.h */ = {isa = PBXFileReference; fileEncoding = 4; lastKnownFileType = sourcecode.c.h; path = ServerResponse.h; sourceTree = "<group>"; };
		8270849A142AE34F00D05386 /* ServerResponse.cpp */ = {isa = PBXFileReference; fileEncoding = 4; lastKnownFileType = sourcecode.cpp.cpp; path = ServerResponse.cpp; sourceTree = "<group>"; };
		8280597F145FB0E600E7B614 /* DataTypes.h */ = {isa = PBXFileReference; fileEncoding = 4; lastKnownFileType = sourcecode.c.h; path = DataTypes.h; sourceTree = "<group>"; };
		82805981145FB18100E7B614 /* DataTypes.cpp */ = {isa = PBXFileReference; fileEncoding = 4; lastKnownFileType = sourcecode.cpp.cpp; path = DataTypes.cpp; sourceTree = "<group>"; };
		828697CB150FF37D003E7675 /* libiconv.dylib */ = {isa = PBXFileReference; lastKnownFileType = "compiled.mach-o.dylib"; name = libiconv.dylib; path = usr/lib/libiconv.dylib; sourceTree = SDKROOT; };
		8290FB93142F47770080BB85 /* MailAccountInfo.h */ = {isa = PBXFileReference; fileEncoding = 4; lastKnownFileType = sourcecode.c.h; path = MailAccountInfo.h; sourceTree = "<group>"; };
		8290FB95142F47D30080BB85 /* MailAccountInfo.cpp */ = {isa = PBXFileReference; fileEncoding = 4; lastKnownFileType = sourcecode.cpp.cpp; path = MailAccountInfo.cpp; sourceTree = "<group>"; };
		8290FB97142F502D0080BB85 /* Mutex.h */ = {isa = PBXFileReference; fileEncoding = 4; lastKnownFileType = sourcecode.c.h; path = Mutex.h; sourceTree = "<group>"; };
		8290FB98142F508B0080BB85 /* Mutex.cpp */ = {isa = PBXFileReference; fileEncoding = 4; lastKnownFileType = sourcecode.cpp.cpp; path = Mutex.cpp; sourceTree = "<group>"; };
		8293E22F142CCD0000F62897 /* jsonxx.cc */ = {isa = PBXFileReference; fileEncoding = 4; lastKnownFileType = sourcecode.cpp.cpp; name = jsonxx.cc; path = "../../cxxLibraries/jsonxx-jvg/jsonxx.cc"; sourceTree = "<group>"; };
		8293E230142CCD0000F62897 /* jsonxx.h */ = {isa = PBXFileReference; fileEncoding = 4; lastKnownFileType = sourcecode.c.h; name = jsonxx.h; path = "../../cxxLibraries/jsonxx-jvg/jsonxx.h"; sourceTree = "<group>"; };
		82AA9FCC1426B22000E3FB3C /* libcurl.dylib */ = {isa = PBXFileReference; lastKnownFileType = "compiled.mach-o.dylib"; name = libcurl.dylib; path = usr/lib/libcurl.dylib; sourceTree = SDKROOT; };
		82B081DA153AD22F00F78A4D /* APNSFeedbackThread.h */ = {isa = PBXFileReference; lastKnownFileType = sourcecode.c.h; path = APNSFeedbackThread.h; sourceTree = "<group>"; };
		82B081DB153AD30200F78A4D /* APNSFeedbackThread.cpp */ = {isa = PBXFileReference; fileEncoding = 4; lastKnownFileType = sourcecode.cpp.cpp; path = APNSFeedbackThread.cpp; sourceTree = "<group>"; };
		82B6109114F2A28200975C32 /* UserPreferences.h */ = {isa = PBXFileReference; fileEncoding = 4; lastKnownFileType = sourcecode.c.h; path = UserPreferences.h; sourceTree = "<group>"; };
		82B6109314F2A2FC00975C32 /* UserPreferences.cpp */ = {isa = PBXFileReference; fileEncoding = 4; lastKnownFileType = sourcecode.cpp.cpp; path = UserPreferences.cpp; sourceTree = "<group>"; };
		82BD8EBA148BBAAA008DDEA1 /* SilentMode.h */ = {isa = PBXFileReference; fileEncoding = 4; lastKnownFileType = sourcecode.c.h; path = SilentMode.h; sourceTree = "<group>"; };
		82BD8EBC148BBB4B008DDEA1 /* SilentMode.cpp */ = {isa = PBXFileReference; fileEncoding = 4; lastKnownFileType = sourcecode.cpp.cpp; path = SilentMode.cpp; sourceTree = "<group>"; };
		82ED5B071431761400444844 /* APNSNotificationThread.h */ = {isa = PBXFileReference; fileEncoding = 4; lastKnownFileType = sourcecode.c.h; path = APNSNotificationThread.h; sourceTree = "<group>"; };
		82ED5B09143176B300444844 /* GenericThread.h */ = {isa = PBXFileReference; fileEncoding = 4; lastKnownFileType = sourcecode.c.h; path = GenericThread.h; sourceTree = "<group>"; };
		82ED5B0A14317FD000444844 /* GenericThread.cpp */ = {isa = PBXFileReference; fileEncoding = 4; lastKnownFileType = sourcecode.cpp.cpp; path = GenericThread.cpp; sourceTree = "<group>"; };
		82ED5B0D1431870800444844 /* ThreadDispatcher.h */ = {isa = PBXFileReference; fileEncoding = 4; lastKnownFileType = sourcecode.c.h; path = ThreadDispatcher.h; sourceTree = "<group>"; };
		82ED5B0E143187EB00444844 /* ThreadDispatcher.cpp */ = {isa = PBXFileReference; fileEncoding = 4; lastKnownFileType = sourcecode.cpp.cpp; path = ThreadDispatcher.cpp; sourceTree = "<group>"; };
		82ED5B111431882700444844 /* APNSNotificationThread.cpp */ = {isa = PBXFileReference; fileEncoding = 4; lastKnownFileType = sourcecode.cpp.cpp; path = APNSNotificationThread.cpp; sourceTree = "<group>"; };
		82ED5B16143437BD00444844 /* SharedQueue.h */ = {isa = PBXFileReference; fileEncoding = 4; lastKnownFileType = sourcecode.c.h; path = SharedQueue.h; sourceTree = "<group>"; };
		82ED5B171435123100444844 /* SharedQueue.cpp */ = {isa = PBXFileReference; fileEncoding = 4; lastKnownFileType = sourcecode.cpp.cpp; path = SharedQueue.cpp; sourceTree = "<group>"; };
		82ED5B1A143537A300444844 /* NotificationPayload.h */ = {isa = PBXFileReference; fileEncoding = 4; lastKnownFileType = sourcecode.c.h; path = NotificationPayload.h; sourceTree = "<group>"; };
		82ED5B1B1435380A00444844 /* NotificationPayload.cpp */ = {isa = PBXFileReference; fileEncoding = 4; lastKnownFileType = sourcecode.cpp.cpp; path = NotificationPayload.cpp; sourceTree = "<group>"; };
		82ED5B1E1435415C00444844 /* UtilityFunctions.h */ = {isa = PBXFileReference; fileEncoding = 4; lastKnownFileType = sourcecode.c.h; path = UtilityFunctions.h; sourceTree = "<group>"; };
		82ED5B1F1435419F00444844 /* UtilityFunctions.cpp */ = {isa = PBXFileReference; fileEncoding = 4; lastKnownFileType = sourcecode.cpp.cpp; path = UtilityFunctions.cpp; sourceTree = "<group>"; };
		82ED5B2414355EB700444844 /* libssl.dylib */ = {isa = PBXFileReference; lastKnownFileType = "compiled.mach-o.dylib"; name = libssl.dylib; path = usr/lib/libssl.dylib; sourceTree = SDKROOT; };
		82ED5B261436225500444844 /* GenericException.h */ = {isa = PBXFileReference; fileEncoding = 4; lastKnownFileType = sourcecode.c.h; path = GenericException.h; sourceTree = "<group>"; };
		82ED5B27143622DA00444844 /* GenericException.cpp */ = {isa = PBXFileReference; fileEncoding = 4; lastKnownFileType = sourcecode.cpp.cpp; path = GenericException.cpp; sourceTree = "<group>"; };
		82ED5B2A1437EC7900444844 /* MailSuckerThread.h */ = {isa = PBXFileReference; fileEncoding = 4; lastKnownFileType = sourcecode.c.h; path = MailSuckerThread.h; sourceTree = "<group>"; };
		82ED5B2B1437ECDA00444844 /* MailSuckerThread.cpp */ = {isa = PBXFileReference; fileEncoding = 4; lastKnownFileType = sourcecode.cpp.cpp; path = MailSuckerThread.cpp; sourceTree = "<group>"; };
		82ED5B2E1437EF4E00444844 /* IMAPSuckerThread.h */ = {isa = PBXFileReference; fileEncoding = 4; lastKnownFileType = sourcecode.c.h; path = IMAPSuckerThread.h; sourceTree = "<group>"; };
		82ED5B2F1437F01A00444844 /* IMAPSuckerThread.cpp */ = {isa = PBXFileReference; fileEncoding = 4; lastKnownFileType = sourcecode.cpp.cpp; path = IMAPSuckerThread.cpp; sourceTree = "<group>"; };
		82ED5B311437F19900444844 /* SharedVector.h */ = {isa = PBXFileReference; fileEncoding = 4; lastKnownFileType = sourcecode.c.h; path = SharedVector.h; sourceTree = "<group>"; };
		82ED5B391438613400444844 /* libetpan.framework */ = {isa = PBXFileReference; lastKnownFileType = wrapper.framework; name = libetpan.framework; path = ../DerivedData/PushMeMail/Build/Products/Debug/libetpan.framework; sourceTree = "<group>"; };
		82ED5B3B143864D700444844 /* libssl.0.9.8.dylib */ = {isa = PBXFileReference; lastKnownFileType = "compiled.mach-o.dylib"; name = libssl.0.9.8.dylib; path = usr/lib/libssl.0.9.8.dylib; sourceTree = SDKROOT; };
		82F857A81448A797000B43B8 /* MailMessage.h */ = {isa = PBXFileReference; fileEncoding = 4; lastKnownFileType = sourcecode.c.h; path = MailMessage.h; sourceTree = "<group>"; };
		82F857AA1448A825000B43B8 /* MailMessage.cpp */ = {isa = PBXFileReference; fileEncoding = 4; lastKnownFileType = sourcecode.cpp.cpp; path = MailMessage.cpp; sourceTree = "<group>"; };
		82F857BF144D4D02000B43B8 /* MessageUploaderThread.h */ = {isa = PBXFileReference; fileEncoding = 4; lastKnownFileType = sourcecode.c.h; path = MessageUploaderThread.h; sourceTree = "<group>"; };
		82F857C1144D4DA5000B43B8 /* MessageUploaderThread.cpp */ = {isa = PBXFileReference; fileEncoding = 4; lastKnownFileType = sourcecode.cpp.cpp; path = MessageUploaderThread.cpp; sourceTree = "<group>"; };
		82F86B2B1425A457006ACFEB /* PMM Sucker.app */ = {isa = PBXFileReference; explicitFileType = wrapper.application; includeInIndex = 0; path = "PMM Sucker.app"; sourceTree = BUILT_PRODUCTS_DIR; };
		82F86B2F1425A457006ACFEB /* Cocoa.framework */ = {isa = PBXFileReference; lastKnownFileType = wrapper.framework; name = Cocoa.framework; path = System/Library/Frameworks/Cocoa.framework; sourceTree = SDKROOT; };
		82F86B321425A458006ACFEB /* AppKit.framework */ = {isa = PBXFileReference; lastKnownFileType = wrapper.framework; name = AppKit.framework; path = System/Library/Frameworks/AppKit.framework; sourceTree = SDKROOT; };
		82F86B331425A458006ACFEB /* CoreData.framework */ = {isa = PBXFileReference; lastKnownFileType = wrapper.framework; name = CoreData.framework; path = System/Library/Frameworks/CoreData.framework; sourceTree = SDKROOT; };
		82F86B341425A458006ACFEB /* Foundation.framework */ = {isa = PBXFileReference; lastKnownFileType = wrapper.framework; name = Foundation.framework; path = System/Library/Frameworks/Foundation.framework; sourceTree = SDKROOT; };
		82F86B371425A458006ACFEB /* PMM Sucker-Info.plist */ = {isa = PBXFileReference; lastKnownFileType = text.plist.xml; path = "PMM Sucker-Info.plist"; sourceTree = "<group>"; };
		82F86B391425A458006ACFEB /* en */ = {isa = PBXFileReference; lastKnownFileType = text.plist.strings; name = en; path = en.lproj/InfoPlist.strings; sourceTree = "<group>"; };
		82F86B3B1425A458006ACFEB /* main.m */ = {isa = PBXFileReference; lastKnownFileType = sourcecode.c.objc; path = main.m; sourceTree = "<group>"; };
		82F86B3D1425A458006ACFEB /* PMM Sucker-Prefix.pch */ = {isa = PBXFileReference; lastKnownFileType = sourcecode.c.h; path = "PMM Sucker-Prefix.pch"; sourceTree = "<group>"; };
		82F86B3F1425A458006ACFEB /* en */ = {isa = PBXFileReference; lastKnownFileType = text.rtf; name = en; path = en.lproj/Credits.rtf; sourceTree = "<group>"; };
		82F86B411425A458006ACFEB /* PMMSAppDelegate.h */ = {isa = PBXFileReference; lastKnownFileType = sourcecode.c.h; path = PMMSAppDelegate.h; sourceTree = "<group>"; };
		82F86B421425A458006ACFEB /* PMMSAppDelegate.m */ = {isa = PBXFileReference; lastKnownFileType = sourcecode.c.objc; path = PMMSAppDelegate.m; sourceTree = "<group>"; };
		82F86B451425A458006ACFEB /* en */ = {isa = PBXFileReference; lastKnownFileType = file.xib; name = en; path = en.lproj/MainMenu.xib; sourceTree = "<group>"; };
		82F86B4C1425A54F006ACFEB /* PushMeMailIcon.png */ = {isa = PBXFileReference; lastKnownFileType = image.png; path = PushMeMailIcon.png; sourceTree = "<group>"; };
		82F86B4E1425A577006ACFEB /* PMM Sucker.entitlements */ = {isa = PBXFileReference; lastKnownFileType = text.xml; path = "PMM Sucker.entitlements"; sourceTree = "<group>"; };
		82F86B4F1425A634006ACFEB /* libetpan.framework */ = {isa = PBXFileReference; lastKnownFileType = wrapper.framework; name = libetpan.framework; path = "../../Xcode-Output/Release/libetpan.framework"; sourceTree = "<group>"; };
		82F86B551425A810006ACFEB /* pmmsuckerd */ = {isa = PBXFileReference; explicitFileType = "compiled.mach-o.executable"; includeInIndex = 0; path = pmmsuckerd; sourceTree = BUILT_PRODUCTS_DIR; };
		82F86B581425A810006ACFEB /* main.cpp */ = {isa = PBXFileReference; lastKnownFileType = sourcecode.cpp.cpp; path = main.cpp; sourceTree = "<group>"; };
		82F86B5A1425A810006ACFEB /* pmmsuckerd.1 */ = {isa = PBXFileReference; lastKnownFileType = text.man; path = pmmsuckerd.1; sourceTree = "<group>"; };
		82F86B5F1425B0AD006ACFEB /* README */ = {isa = PBXFileReference; fileEncoding = 4; lastKnownFileType = text; path = README; sourceTree = "<group>"; };
		82F86B621425B54B006ACFEB /* PMMSuckerSession.h */ = {isa = PBXFileReference; fileEncoding = 4; lastKnownFileType = sourcecode.c.h; path = PMMSuckerSession.h; sourceTree = "<group>"; };
		82F86B631425B618006ACFEB /* PMMSuckerSession.cpp */ = {isa = PBXFileReference; fileEncoding = 4; lastKnownFileType = sourcecode.cpp.cpp; path = PMMSuckerSession.cpp; sourceTree = "<group>"; };
		82FA4DAF1469C4D800A21B11 /* POP3SuckerThread.h */ = {isa = PBXFileReference; fileEncoding = 4; lastKnownFileType = sourcecode.c.h; path = POP3SuckerThread.h; sourceTree = "<group>"; };
		82FA4DB11469C7B300A21B11 /* POP3SuckerThread.cpp */ = {isa = PBXFileReference; fileEncoding = 4; lastKnownFileType = sourcecode.cpp.cpp; path = POP3SuckerThread.cpp; sourceTree = "<group>"; };
/* End PBXFileReference section */

/* Begin PBXFrameworksBuildPhase section */
		82F86B281425A457006ACFEB /* Frameworks */ = {
			isa = PBXFrameworksBuildPhase;
			buildActionMask = 2147483647;
			files = (
				82F86B501425A634006ACFEB /* libetpan.framework in Frameworks */,
				82F86B301425A457006ACFEB /* Cocoa.framework in Frameworks */,
			);
			runOnlyForDeploymentPostprocessing = 0;
		};
		82F86B521425A810006ACFEB /* Frameworks */ = {
			isa = PBXFrameworksBuildPhase;
			buildActionMask = 2147483647;
			files = (
				828697CC150FF37D003E7675 /* libiconv.dylib in Frameworks */,
				823BD0481444AECD001ED14E /* libcrypto.a in Frameworks */,
				823BD0491444AECD001ED14E /* libssl.a in Frameworks */,
				82571EB2144363D20047347E /* libetpan.framework in Frameworks */,
				82571EAD1442B0700047347E /* libsqlite3.dylib in Frameworks */,
				821675BF14283DDE00F8FF70 /* Security.framework in Frameworks */,
				821675BC14283DA800F8FF70 /* CoreFoundation.framework in Frameworks */,
				82AA9FCD1426B22000E3FB3C /* libcurl.dylib in Frameworks */,
			);
			runOnlyForDeploymentPostprocessing = 0;
		};
/* End PBXFrameworksBuildPhase section */

/* Begin PBXGroup section */
		82708493142ADF5E00D05386 /* jsonxx */ = {
			isa = PBXGroup;
			children = (
				8293E22F142CCD0000F62897 /* jsonxx.cc */,
				8293E230142CCD0000F62897 /* jsonxx.h */,
			);
			name = jsonxx;
			sourceTree = "<group>";
		};
		82F86B201425A457006ACFEB = {
			isa = PBXGroup;
			children = (
				828697CB150FF37D003E7675 /* libiconv.dylib */,
				823BD0461444AECD001ED14E /* libcrypto.a */,
				823BD0471444AECD001ED14E /* libssl.a */,
				82571EA914413E0F0047347E /* libsqlite3.dylib */,
				82ED5B3B143864D700444844 /* libssl.0.9.8.dylib */,
				82ED5B391438613400444844 /* libetpan.framework */,
				82ED5B2414355EB700444844 /* libssl.dylib */,
				82708493142ADF5E00D05386 /* jsonxx */,
				821675BE14283DDE00F8FF70 /* Security.framework */,
				821675BB14283DA800F8FF70 /* CoreFoundation.framework */,
				82AA9FCC1426B22000E3FB3C /* libcurl.dylib */,
				82F86B611425B500006ACFEB /* SuckingEngine */,
				82F86B4F1425A634006ACFEB /* libetpan.framework */,
				82F86B4C1425A54F006ACFEB /* PushMeMailIcon.png */,
				82F86B351425A458006ACFEB /* PMM Sucker */,
				82F86B571425A810006ACFEB /* pmmsuckerd */,
				82F86B2E1425A457006ACFEB /* Frameworks */,
				82F86B2C1425A457006ACFEB /* Products */,
			);
			sourceTree = "<group>";
		};
		82F86B2C1425A457006ACFEB /* Products */ = {
			isa = PBXGroup;
			children = (
				82F86B2B1425A457006ACFEB /* PMM Sucker.app */,
				82F86B551425A810006ACFEB /* pmmsuckerd */,
			);
			name = Products;
			sourceTree = "<group>";
		};
		82F86B2E1425A457006ACFEB /* Frameworks */ = {
			isa = PBXGroup;
			children = (
				82F86B2F1425A457006ACFEB /* Cocoa.framework */,
				82F86B311425A458006ACFEB /* Other Frameworks */,
			);
			name = Frameworks;
			sourceTree = "<group>";
		};
		82F86B311425A458006ACFEB /* Other Frameworks */ = {
			isa = PBXGroup;
			children = (
				82F86B321425A458006ACFEB /* AppKit.framework */,
				82F86B331425A458006ACFEB /* CoreData.framework */,
				82F86B341425A458006ACFEB /* Foundation.framework */,
			);
			name = "Other Frameworks";
			sourceTree = "<group>";
		};
		82F86B351425A458006ACFEB /* PMM Sucker */ = {
			isa = PBXGroup;
			children = (
				82F86B4E1425A577006ACFEB /* PMM Sucker.entitlements */,
				82F86B411425A458006ACFEB /* PMMSAppDelegate.h */,
				82F86B421425A458006ACFEB /* PMMSAppDelegate.m */,
				82F86B441425A458006ACFEB /* MainMenu.xib */,
				82F86B361425A458006ACFEB /* Supporting Files */,
			);
			path = "PMM Sucker";
			sourceTree = "<group>";
		};
		82F86B361425A458006ACFEB /* Supporting Files */ = {
			isa = PBXGroup;
			children = (
				82F86B371425A458006ACFEB /* PMM Sucker-Info.plist */,
				82F86B381425A458006ACFEB /* InfoPlist.strings */,
				82F86B3B1425A458006ACFEB /* main.m */,
				82F86B3D1425A458006ACFEB /* PMM Sucker-Prefix.pch */,
				82F86B3E1425A458006ACFEB /* Credits.rtf */,
			);
			name = "Supporting Files";
			sourceTree = "<group>";
		};
		82F86B571425A810006ACFEB /* pmmsuckerd */ = {
			isa = PBXGroup;
			children = (
				82F86B581425A810006ACFEB /* main.cpp */,
				82F86B5A1425A810006ACFEB /* pmmsuckerd.1 */,
				82F86B5F1425B0AD006ACFEB /* README */,
			);
			path = pmmsuckerd;
			sourceTree = "<group>";
		};
		82F86B611425B500006ACFEB /* SuckingEngine */ = {
			isa = PBXGroup;
			children = (
				82F86B621425B54B006ACFEB /* PMMSuckerSession.h */,
				82F86B631425B618006ACFEB /* PMMSuckerSession.cpp */,
				82708498142AE23900D05386 /* ServerResponse.h */,
				8270849A142AE34F00D05386 /* ServerResponse.cpp */,
				8238F494142AF767007F76C0 /* JSONParseException.h */,
				8238F496142AFA3E007F76C0 /* JSONParseException.cpp */,
				8290FB93142F47770080BB85 /* MailAccountInfo.h */,
				8290FB95142F47D30080BB85 /* MailAccountInfo.cpp */,
				8290FB97142F502D0080BB85 /* Mutex.h */,
				8290FB98142F508B0080BB85 /* Mutex.cpp */,
				82ED5B071431761400444844 /* APNSNotificationThread.h */,
				82ED5B111431882700444844 /* APNSNotificationThread.cpp */,
				82ED5B09143176B300444844 /* GenericThread.h */,
				82ED5B0A14317FD000444844 /* GenericThread.cpp */,
				82ED5B0D1431870800444844 /* ThreadDispatcher.h */,
				82ED5B0E143187EB00444844 /* ThreadDispatcher.cpp */,
				82ED5B16143437BD00444844 /* SharedQueue.h */,
				82ED5B171435123100444844 /* SharedQueue.cpp */,
				82ED5B1A143537A300444844 /* NotificationPayload.h */,
				82ED5B1B1435380A00444844 /* NotificationPayload.cpp */,
				82ED5B1E1435415C00444844 /* UtilityFunctions.h */,
				82ED5B1F1435419F00444844 /* UtilityFunctions.cpp */,
				82ED5B261436225500444844 /* GenericException.h */,
				82ED5B27143622DA00444844 /* GenericException.cpp */,
				82ED5B2A1437EC7900444844 /* MailSuckerThread.h */,
				82ED5B2B1437ECDA00444844 /* MailSuckerThread.cpp */,
				82ED5B2E1437EF4E00444844 /* IMAPSuckerThread.h */,
				82ED5B2F1437F01A00444844 /* IMAPSuckerThread.cpp */,
				82FA4DAF1469C4D800A21B11 /* POP3SuckerThread.h */,
				82FA4DB11469C7B300A21B11 /* POP3SuckerThread.cpp */,
				82ED5B311437F19900444844 /* SharedVector.h */,
				82571EAC1442AC220047347E /* FetchedMailsCache.h */,
				82571EAE1442B1730047347E /* FetchedMailsCache.cpp */,
				821BBCE31445EB270023DF32 /* MTLogger.h */,
				821BBCE51445EB680023DF32 /* MTLogger.cpp */,
				82F857A81448A797000B43B8 /* MailMessage.h */,
				82F857AA1448A825000B43B8 /* MailMessage.cpp */,
				82F857BF144D4D02000B43B8 /* MessageUploaderThread.h */,
				82F857C1144D4DA5000B43B8 /* MessageUploaderThread.cpp */,
				8280597F145FB0E600E7B614 /* DataTypes.h */,
				82805981145FB18100E7B614 /* DataTypes.cpp */,
				82BD8EBA148BBAAA008DDEA1 /* SilentMode.h */,
				82BD8EBC148BBB4B008DDEA1 /* SilentMode.cpp */,
				8217B24214B5DCEA00E45AA0 /* QuotaDB.h */,
				8217B24414B5DD9A00E45AA0 /* QuotaDB.cpp */,
				82B6109114F2A28200975C32 /* UserPreferences.h */,
				82B6109314F2A2FC00975C32 /* UserPreferences.cpp */,
				82B081DA153AD22F00F78A4D /* APNSFeedbackThread.h */,
				82B081DB153AD30200F78A4D /* APNSFeedbackThread.cpp */,
			);
			name = SuckingEngine;
			sourceTree = "<group>";
		};
/* End PBXGroup section */

/* Begin PBXNativeTarget section */
		82F86B2A1425A457006ACFEB /* PMM Sucker */ = {
			isa = PBXNativeTarget;
			buildConfigurationList = 82F86B491425A458006ACFEB /* Build configuration list for PBXNativeTarget "PMM Sucker" */;
			buildPhases = (
				82F86B271425A457006ACFEB /* Sources */,
				82F86B281425A457006ACFEB /* Frameworks */,
				82F86B291425A457006ACFEB /* Resources */,
			);
			buildRules = (
			);
			dependencies = (
			);
			name = "PMM Sucker";
			productName = "PMM Sucker";
			productReference = 82F86B2B1425A457006ACFEB /* PMM Sucker.app */;
			productType = "com.apple.product-type.application";
		};
		82F86B541425A810006ACFEB /* pmmsuckerd */ = {
			isa = PBXNativeTarget;
			buildConfigurationList = 82F86B5C1425A810006ACFEB /* Build configuration list for PBXNativeTarget "pmmsuckerd" */;
			buildPhases = (
				82F86B511425A810006ACFEB /* Sources */,
				82F86B521425A810006ACFEB /* Frameworks */,
				82F86B531425A810006ACFEB /* CopyFiles */,
			);
			buildRules = (
			);
			dependencies = (
			);
			name = pmmsuckerd;
			productName = pmmsuckerd;
			productReference = 82F86B551425A810006ACFEB /* pmmsuckerd */;
			productType = "com.apple.product-type.tool";
		};
/* End PBXNativeTarget section */

/* Begin PBXProject section */
		82F86B221425A457006ACFEB /* Project object */ = {
			isa = PBXProject;
			attributes = {
				LastUpgradeCheck = 0420;
			};
			buildConfigurationList = 82F86B251425A457006ACFEB /* Build configuration list for PBXProject "PMM Sucker" */;
			compatibilityVersion = "Xcode 3.2";
			developmentRegion = English;
			hasScannedForEncodings = 0;
			knownRegions = (
				en,
			);
			mainGroup = 82F86B201425A457006ACFEB;
			productRefGroup = 82F86B2C1425A457006ACFEB /* Products */;
			projectDirPath = "";
			projectRoot = "";
			targets = (
				82F86B2A1425A457006ACFEB /* PMM Sucker */,
				82F86B541425A810006ACFEB /* pmmsuckerd */,
			);
		};
/* End PBXProject section */

/* Begin PBXResourcesBuildPhase section */
		82F86B291425A457006ACFEB /* Resources */ = {
			isa = PBXResourcesBuildPhase;
			buildActionMask = 2147483647;
			files = (
				82F86B3A1425A458006ACFEB /* InfoPlist.strings in Resources */,
				82F86B401425A458006ACFEB /* Credits.rtf in Resources */,
				82F86B461425A458006ACFEB /* MainMenu.xib in Resources */,
				82F86B4D1425A54F006ACFEB /* PushMeMailIcon.png in Resources */,
				82F86B601425B0AD006ACFEB /* README in Resources */,
			);
			runOnlyForDeploymentPostprocessing = 0;
		};
/* End PBXResourcesBuildPhase section */

/* Begin PBXSourcesBuildPhase section */
		82F86B271425A457006ACFEB /* Sources */ = {
			isa = PBXSourcesBuildPhase;
			buildActionMask = 2147483647;
			files = (
				82F86B3C1425A458006ACFEB /* main.m in Sources */,
				82F86B431425A458006ACFEB /* PMMSAppDelegate.m in Sources */,
				82F86B641425B618006ACFEB /* PMMSuckerSession.cpp in Sources */,
				8270849B142AE34F00D05386 /* ServerResponse.cpp in Sources */,
				8238F497142AFA3E007F76C0 /* JSONParseException.cpp in Sources */,
				8293E231142CCD0000F62897 /* jsonxx.cc in Sources */,
				8290FB96142F47D30080BB85 /* MailAccountInfo.cpp in Sources */,
				8290FB99142F508B0080BB85 /* Mutex.cpp in Sources */,
				82ED5B0B14317FD000444844 /* GenericThread.cpp in Sources */,
				82ED5B0F143187EB00444844 /* ThreadDispatcher.cpp in Sources */,
				82ED5B121431882700444844 /* APNSNotificationThread.cpp in Sources */,
				82ED5B181435123100444844 /* SharedQueue.cpp in Sources */,
				82ED5B1C1435380A00444844 /* NotificationPayload.cpp in Sources */,
				82ED5B201435419F00444844 /* UtilityFunctions.cpp in Sources */,
				82ED5B28143622DA00444844 /* GenericException.cpp in Sources */,
				82ED5B2C1437ECDB00444844 /* MailSuckerThread.cpp in Sources */,
				82ED5B301437F01A00444844 /* IMAPSuckerThread.cpp in Sources */,
				82571EAF1442B1730047347E /* FetchedMailsCache.cpp in Sources */,
				821BBCE61445EB680023DF32 /* MTLogger.cpp in Sources */,
				82F857AB1448A825000B43B8 /* MailMessage.cpp in Sources */,
				82F857C2144D4DA5000B43B8 /* MessageUploaderThread.cpp in Sources */,
				82805982145FB18200E7B614 /* DataTypes.cpp in Sources */,
				82FA4DB21469C7B300A21B11 /* POP3SuckerThread.cpp in Sources */,
				82BD8EBD148BBB4B008DDEA1 /* SilentMode.cpp in Sources */,
				8217B24514B5DD9A00E45AA0 /* QuotaDB.cpp in Sources */,
				82B6109414F2A2FC00975C32 /* UserPreferences.cpp in Sources */,
				82B081DC153AD30200F78A4D /* APNSFeedbackThread.cpp in Sources */,
			);
			runOnlyForDeploymentPostprocessing = 0;
		};
		82F86B511425A810006ACFEB /* Sources */ = {
			isa = PBXSourcesBuildPhase;
			buildActionMask = 2147483647;
			files = (
				82B081DD153AD33100F78A4D /* APNSFeedbackThread.cpp in Sources */,
				82B6109514F2A32100975C32 /* UserPreferences.cpp in Sources */,
				8217B24614B5E01100E45AA0 /* QuotaDB.cpp in Sources */,
				82BD8EBE148BBB87008DDEA1 /* SilentMode.cpp in Sources */,
				82FA4DB31469C80B00A21B11 /* POP3SuckerThread.cpp in Sources */,
				82805983145FB1B400E7B614 /* DataTypes.cpp in Sources */,
				82F857C3144D4DC1000B43B8 /* MessageUploaderThread.cpp in Sources */,
				82F857AC1448A845000B43B8 /* MailMessage.cpp in Sources */,
				821BBCE71445EB820023DF32 /* MTLogger.cpp in Sources */,
				82571EB01442B9080047347E /* FetchedMailsCache.cpp in Sources */,
				82ED5B3214380B3300444844 /* IMAPSuckerThread.cpp in Sources */,
				82ED5B2D1437ED0200444844 /* MailSuckerThread.cpp in Sources */,
				82ED5B291436235F00444844 /* GenericException.cpp in Sources */,
				82ED5B21143541EA00444844 /* UtilityFunctions.cpp in Sources */,
				82ED5B1D1435384800444844 /* NotificationPayload.cpp in Sources */,
				82ED5B191435125900444844 /* SharedQueue.cpp in Sources */,
				82ED5B131431884300444844 /* APNSNotificationThread.cpp in Sources */,
				82ED5B101431880800444844 /* ThreadDispatcher.cpp in Sources */,
				82ED5B0C143184C800444844 /* GenericThread.cpp in Sources */,
				8290FB9A142F51930080BB85 /* MailAccountInfo.cpp in Sources */,
				8290FB9B142F51940080BB85 /* Mutex.cpp in Sources */,
				8293E232142CCD1100F62897 /* jsonxx.cc in Sources */,
				8238F498142AFAD9007F76C0 /* JSONParseException.cpp in Sources */,
				8270849C142AE37100D05386 /* ServerResponse.cpp in Sources */,
				82AA9FCA1426AB4500E3FB3C /* PMMSuckerSession.cpp in Sources */,
				82F86B591425A810006ACFEB /* main.cpp in Sources */,
			);
			runOnlyForDeploymentPostprocessing = 0;
		};
/* End PBXSourcesBuildPhase section */

/* Begin PBXVariantGroup section */
		82F86B381425A458006ACFEB /* InfoPlist.strings */ = {
			isa = PBXVariantGroup;
			children = (
				82F86B391425A458006ACFEB /* en */,
			);
			name = InfoPlist.strings;
			sourceTree = "<group>";
		};
		82F86B3E1425A458006ACFEB /* Credits.rtf */ = {
			isa = PBXVariantGroup;
			children = (
				82F86B3F1425A458006ACFEB /* en */,
			);
			name = Credits.rtf;
			sourceTree = "<group>";
		};
		82F86B441425A458006ACFEB /* MainMenu.xib */ = {
			isa = PBXVariantGroup;
			children = (
				82F86B451425A458006ACFEB /* en */,
			);
			name = MainMenu.xib;
			sourceTree = "<group>";
		};
/* End PBXVariantGroup section */

/* Begin XCBuildConfiguration section */
		82F86B471425A458006ACFEB /* Debug */ = {
			isa = XCBuildConfiguration;
			buildSettings = {
				ALWAYS_SEARCH_USER_PATHS = NO;
				ARCHS = "$(ARCHS_STANDARD_64_BIT)";
				CLANG_ENABLE_OBJC_ARC = YES;
				COPY_PHASE_STRIP = NO;
				GCC_C_LANGUAGE_STANDARD = gnu99;
				GCC_DYNAMIC_NO_PIC = NO;
				GCC_ENABLE_OBJC_EXCEPTIONS = YES;
				GCC_OPTIMIZATION_LEVEL = 0;
				GCC_PREPROCESSOR_DEFINITIONS = (
					"DEBUG=1",
					"$(inherited)",
				);
				GCC_SYMBOLS_PRIVATE_EXTERN = NO;
				GCC_VERSION = com.apple.compilers.llvm.clang.1_0;
				GCC_WARN_64_TO_32_BIT_CONVERSION = YES;
				GCC_WARN_ABOUT_MISSING_PROTOTYPES = YES;
				GCC_WARN_ABOUT_RETURN_TYPE = YES;
				GCC_WARN_UNUSED_VARIABLE = YES;
				MACOSX_DEPLOYMENT_TARGET = 10.7;
				ONLY_ACTIVE_ARCH = YES;
				SDKROOT = macosx;
			};
			name = Debug;
		};
		82F86B481425A458006ACFEB /* Release */ = {
			isa = XCBuildConfiguration;
			buildSettings = {
				ALWAYS_SEARCH_USER_PATHS = NO;
				ARCHS = "$(ARCHS_STANDARD_64_BIT)";
				CLANG_ENABLE_OBJC_ARC = YES;
				COPY_PHASE_STRIP = YES;
				DEBUG_INFORMATION_FORMAT = "dwarf-with-dsym";
				GCC_C_LANGUAGE_STANDARD = gnu99;
				GCC_ENABLE_OBJC_EXCEPTIONS = YES;
				GCC_VERSION = com.apple.compilers.llvm.clang.1_0;
				GCC_WARN_64_TO_32_BIT_CONVERSION = YES;
				GCC_WARN_ABOUT_MISSING_PROTOTYPES = YES;
				GCC_WARN_ABOUT_RETURN_TYPE = YES;
				GCC_WARN_UNUSED_VARIABLE = YES;
				MACOSX_DEPLOYMENT_TARGET = 10.7;
				SDKROOT = macosx;
			};
			name = Release;
		};
		82F86B4A1425A458006ACFEB /* Debug */ = {
			isa = XCBuildConfiguration;
			buildSettings = {
				CODE_SIGN_ENTITLEMENTS = "PMM Sucker/PMM Sucker.entitlements";
				GCC_PRECOMPILE_PREFIX_HEADER = YES;
				GCC_PREFIX_HEADER = "PMM Sucker/PMM Sucker-Prefix.pch";
				INFOPLIST_FILE = "PMM Sucker/PMM Sucker-Info.plist";
				PRODUCT_NAME = "$(TARGET_NAME)";
				WRAPPER_EXTENSION = app;
			};
			name = Debug;
		};
		82F86B4B1425A458006ACFEB /* Release */ = {
			isa = XCBuildConfiguration;
			buildSettings = {
				CODE_SIGN_ENTITLEMENTS = "PMM Sucker/PMM Sucker.entitlements";
				GCC_PRECOMPILE_PREFIX_HEADER = YES;
				GCC_PREFIX_HEADER = "PMM Sucker/PMM Sucker-Prefix.pch";
				INFOPLIST_FILE = "PMM Sucker/PMM Sucker-Info.plist";
				PRODUCT_NAME = "$(TARGET_NAME)";
				WRAPPER_EXTENSION = app;
			};
			name = Release;
		};
		82F86B5D1425A810006ACFEB /* Debug */ = {
			isa = XCBuildConfiguration;
			buildSettings = {
				ALWAYS_SEARCH_USER_PATHS = YES;
				FRAMEWORK_SEARCH_PATHS = (
					"$(inherited)",
					"\"$(SRCROOT)/../DerivedData/PushMeMail/Build/Products/Debug\"",
				);
				HEADER_SEARCH_PATHS = "";
				LIBRARY_SEARCH_PATHS = (
					"$(inherited)",
					"\"$(SRCROOT)/../DerivedData/PushMeMail/Build/Products/Debug\"",
					"\"$(SRCROOT)/../../cxxLibraries/openssl-mac/openssl-1.0.0e\"",
					"\"$(SRCROOT)/../../cxxLibraries/openssl-mac\"",
				);
				PRODUCT_NAME = "$(TARGET_NAME)";
				USER_HEADER_SEARCH_PATHS = "\"$(SRCROOT)/../../cxxLibraries/openssl-mac/openssl-1.0.0e/include\"";
			};
			name = Debug;
		};
		82F86B5E1425A810006ACFEB /* Release */ = {
			isa = XCBuildConfiguration;
			buildSettings = {
				ALWAYS_SEARCH_USER_PATHS = YES;
				FRAMEWORK_SEARCH_PATHS = (
					"$(inherited)",
					"\"$(SRCROOT)/../DerivedData/PushMeMail/Build/Products/Debug\"",
				);
				HEADER_SEARCH_PATHS = "";
				LIBRARY_SEARCH_PATHS = (
					"$(inherited)",
					"\"$(SRCROOT)/../DerivedData/PushMeMail/Build/Products/Debug\"",
					"\"$(SRCROOT)/../../cxxLibraries/openssl-mac/openssl-1.0.0e\"",
					"\"$(SRCROOT)/../../cxxLibraries/openssl-mac\"",
				);
				PRODUCT_NAME = "$(TARGET_NAME)";
				STRIP_INSTALLED_PRODUCT = YES;
				USER_HEADER_SEARCH_PATHS = "\"$(SRCROOT)/../../cxxLibraries/openssl-mac/openssl-1.0.0e/include\"";
			};
			name = Release;
		};
/* End XCBuildConfiguration section */

/* Begin XCConfigurationList section */
		82F86B251425A457006ACFEB /* Build configuration list for PBXProject "PMM Sucker" */ = {
			isa = XCConfigurationList;
			buildConfigurations = (
				82F86B471425A458006ACFEB /* Debug */,
				82F86B481425A458006ACFEB /* Release */,
			);
			defaultConfigurationIsVisible = 0;
			defaultConfigurationName = Release;
		};
		82F86B491425A458006ACFEB /* Build configuration list for PBXNativeTarget "PMM Sucker" */ = {
			isa = XCConfigurationList;
			buildConfigurations = (
				82F86B4A1425A458006ACFEB /* Debug */,
				82F86B4B1425A458006ACFEB /* Release */,
			);
			defaultConfigurationIsVisible = 0;
			defaultConfigurationName = Release;
		};
		82F86B5C1425A810006ACFEB /* Build configuration list for PBXNativeTarget "pmmsuckerd" */ = {
			isa = XCConfigurationList;
			buildConfigurations = (
				82F86B5D1425A810006ACFEB /* Debug */,
				82F86B5E1425A810006ACFEB /* Release */,
			);
			defaultConfigurationIsVisible = 0;
			defaultConfigurationName = Release;
		};
/* End XCConfigurationList section */
	};
	rootObject = 82F86B221425A457006ACFEB /* Project object */;
}
